
Microsoft Visual Studio Solution File, Format Version 12.00
# Visual Studio Version 17
VisualStudioVersion = 17.0.31903.59
MinimumVisualStudioVersion = 10.0.40219.1
Project("{FAE04EC0-301F-11D3-BF4B-00C04F79EFBC}") = "Common", "Common\Common.csproj", "{DDDA6A53-8B8A-4E3C-8627-7E4C4FF498AC}"
EndProject
Project("{FAE04EC0-301F-11D3-BF4B-00C04F79EFBC}") = "AoC.Template", "Template\AoC.Template.csproj", "{EFD3E8C9-42AA-49A3-8616-920612CAB39B}"
EndProject
Project("{2150E333-8FDC-42A3-9474-1A3956D46DE8}") = "Puzzles", "Puzzles", "{B3CB4ED8-359D-4EB8-A6FB-1052494B00D6}"
EndProject
Project("{FAE04EC0-301F-11D3-BF4B-00C04F79EFBC}") = "Day01.a", "Day01.a\Day01.a.csproj", "{3957C6A3-F787-4D91-964B-679EE7A950E1}"
EndProject
Project("{FAE04EC0-301F-11D3-BF4B-00C04F79EFBC}") = "Day01.b", "Day01.b\Day01.b.csproj", "{F3F88950-CFCD-48BD-84D6-1A6078EA67E3}"
EndProject
Project("{FAE04EC0-301F-11D3-BF4B-00C04F79EFBC}") = "Day02.a", "Day02.a\Day02.a.csproj", "{B9905106-1F9E-4A8C-B726-43BB07198385}"
EndProject
Project("{FAE04EC0-301F-11D3-BF4B-00C04F79EFBC}") = "Day02.b", "Day02.b\Day02.b.csproj", "{6C118729-5217-4995-A0CA-2765A438D2F5}"
EndProject
Project("{FAE04EC0-301F-11D3-BF4B-00C04F79EFBC}") = "Day03.a", "Day03.a\Day03.a.csproj", "{2242F179-DE6E-44A7-AF35-51ED063E694C}"
EndProject
Project("{FAE04EC0-301F-11D3-BF4B-00C04F79EFBC}") = "Day03.b", "Day03.b\Day03.b.csproj", "{BBC6086D-5907-4F6A-B52F-148826918F15}"
EndProject
Project("{FAE04EC0-301F-11D3-BF4B-00C04F79EFBC}") = "Day04.a", "Day04.a\Day04.a.csproj", "{B42B58E8-18F6-4DF7-9387-B12B45B0B9C2}"
EndProject
Project("{FAE04EC0-301F-11D3-BF4B-00C04F79EFBC}") = "Day04.b", "Day04.b\Day04.b.csproj", "{63731B7D-3073-4656-9482-39B0DFC47C9D}"
EndProject
Project("{FAE04EC0-301F-11D3-BF4B-00C04F79EFBC}") = "Day05.a", "Day05.a\Day05.a.csproj", "{36D34105-251C-4807-A7CF-841EAAF3CFCD}"
EndProject
Project("{FAE04EC0-301F-11D3-BF4B-00C04F79EFBC}") = "Day05.b", "Day05.b\Day05.b.csproj", "{F6B4FBCE-731B-41EE-AFE8-492F8B6B6702}"
EndProject
Project("{FAE04EC0-301F-11D3-BF4B-00C04F79EFBC}") = "Day06.a", "Day06.a\Day06.a.csproj", "{ECFADD4F-8AB0-499A-A3EA-1D587E816111}"
EndProject
Project("{FAE04EC0-301F-11D3-BF4B-00C04F79EFBC}") = "Day06.b", "Day06.b\Day06.b.csproj", "{C380A71C-DF30-4512-9614-E291F16C3EAC}"
EndProject
Project("{FAE04EC0-301F-11D3-BF4B-00C04F79EFBC}") = "Day07.a", "Day07.a\Day07.a.csproj", "{9CDFE10C-0B80-45BA-9AC9-5F641100C902}"
EndProject
Project("{FAE04EC0-301F-11D3-BF4B-00C04F79EFBC}") = "Day07.b", "Day07.b\Day07.b.csproj", "{61742242-248E-4D46-BA73-0009200FC5F0}"
EndProject
Project("{FAE04EC0-301F-11D3-BF4B-00C04F79EFBC}") = "Day08.a", "Day08.a\Day08.a.csproj", "{7908BA3F-5256-4CE6-9E8A-1AB606D493E5}"
EndProject
Project("{FAE04EC0-301F-11D3-BF4B-00C04F79EFBC}") = "Day08.b", "Day08.b\Day08.b.csproj", "{10F15CF7-645D-43E8-B5DE-D30C61572EA6}"
EndProject
Project("{FAE04EC0-301F-11D3-BF4B-00C04F79EFBC}") = "Day09.a", "Day09.a\Day09.a.csproj", "{C2D4376E-5D7B-4F03-BC14-836D92452A95}"
EndProject
Project("{FAE04EC0-301F-11D3-BF4B-00C04F79EFBC}") = "Day09.b", "Day09.b\Day09.b.csproj", "{9D73AF40-829C-4BDF-91C0-5226705957C8}"
EndProject
Project("{FAE04EC0-301F-11D3-BF4B-00C04F79EFBC}") = "Day10.a", "Day10.a\Day10.a.csproj", "{7A13B763-2F58-48F6-A0A0-10294B9CB6A2}"
EndProject
Project("{FAE04EC0-301F-11D3-BF4B-00C04F79EFBC}") = "Day10.b", "Day10.b\Day10.b.csproj", "{DF8DCDDE-BD36-4A4A-86D4-572F1C94052F}"
EndProject
Project("{FAE04EC0-301F-11D3-BF4B-00C04F79EFBC}") = "Day11.a", "Day11.a\Day11.a.csproj", "{8265FBBA-F0C3-4260-AA0D-61FAE0335862}"
EndProject
Project("{FAE04EC0-301F-11D3-BF4B-00C04F79EFBC}") = "Day11.b", "Day11.b\Day11.b.csproj", "{DFA02D61-B067-4EA7-A65F-574AA9361BFD}"
EndProject
Project("{FAE04EC0-301F-11D3-BF4B-00C04F79EFBC}") = "Day12.a", "Day12.a\Day12.a.csproj", "{42789F8C-28E9-4FD1-8D3C-453636602BDA}"
EndProject
Project("{FAE04EC0-301F-11D3-BF4B-00C04F79EFBC}") = "Day12.b", "Day12.b\Day12.b.csproj", "{03E2DFC5-DD89-4A6D-AABE-151ABEFA43E2}"
EndProject
Global
	GlobalSection(SolutionProperties) = preSolution
		HideSolutionNode = FALSE
	EndGlobalSection
	GlobalSection(SolutionConfigurationPlatforms) = preSolution
		Debug|Any CPU = Debug|Any CPU
		Debug|x64 = Debug|x64
		Debug|x86 = Debug|x86
		Release|Any CPU = Release|Any CPU
		Release|x64 = Release|x64
		Release|x86 = Release|x86
	EndGlobalSection
	GlobalSection(ProjectConfigurationPlatforms) = postSolution
		{DDDA6A53-8B8A-4E3C-8627-7E4C4FF498AC}.Debug|Any CPU.ActiveCfg = Debug|Any CPU
		{DDDA6A53-8B8A-4E3C-8627-7E4C4FF498AC}.Debug|Any CPU.Build.0 = Debug|Any CPU
		{DDDA6A53-8B8A-4E3C-8627-7E4C4FF498AC}.Debug|x64.ActiveCfg = Debug|Any CPU
		{DDDA6A53-8B8A-4E3C-8627-7E4C4FF498AC}.Debug|x64.Build.0 = Debug|Any CPU
		{DDDA6A53-8B8A-4E3C-8627-7E4C4FF498AC}.Debug|x86.ActiveCfg = Debug|Any CPU
		{DDDA6A53-8B8A-4E3C-8627-7E4C4FF498AC}.Debug|x86.Build.0 = Debug|Any CPU
		{DDDA6A53-8B8A-4E3C-8627-7E4C4FF498AC}.Release|Any CPU.ActiveCfg = Release|Any CPU
		{DDDA6A53-8B8A-4E3C-8627-7E4C4FF498AC}.Release|Any CPU.Build.0 = Release|Any CPU
		{DDDA6A53-8B8A-4E3C-8627-7E4C4FF498AC}.Release|x64.ActiveCfg = Release|Any CPU
		{DDDA6A53-8B8A-4E3C-8627-7E4C4FF498AC}.Release|x64.Build.0 = Release|Any CPU
		{DDDA6A53-8B8A-4E3C-8627-7E4C4FF498AC}.Release|x86.ActiveCfg = Release|Any CPU
		{DDDA6A53-8B8A-4E3C-8627-7E4C4FF498AC}.Release|x86.Build.0 = Release|Any CPU
		{EFD3E8C9-42AA-49A3-8616-920612CAB39B}.Debug|Any CPU.ActiveCfg = Debug|Any CPU
		{EFD3E8C9-42AA-49A3-8616-920612CAB39B}.Debug|Any CPU.Build.0 = Debug|Any CPU
		{EFD3E8C9-42AA-49A3-8616-920612CAB39B}.Debug|x64.ActiveCfg = Debug|Any CPU
		{EFD3E8C9-42AA-49A3-8616-920612CAB39B}.Debug|x64.Build.0 = Debug|Any CPU
		{EFD3E8C9-42AA-49A3-8616-920612CAB39B}.Debug|x86.ActiveCfg = Debug|Any CPU
		{EFD3E8C9-42AA-49A3-8616-920612CAB39B}.Debug|x86.Build.0 = Debug|Any CPU
		{EFD3E8C9-42AA-49A3-8616-920612CAB39B}.Release|Any CPU.ActiveCfg = Release|Any CPU
		{EFD3E8C9-42AA-49A3-8616-920612CAB39B}.Release|Any CPU.Build.0 = Release|Any CPU
		{EFD3E8C9-42AA-49A3-8616-920612CAB39B}.Release|x64.ActiveCfg = Release|Any CPU
		{EFD3E8C9-42AA-49A3-8616-920612CAB39B}.Release|x64.Build.0 = Release|Any CPU
		{EFD3E8C9-42AA-49A3-8616-920612CAB39B}.Release|x86.ActiveCfg = Release|Any CPU
		{EFD3E8C9-42AA-49A3-8616-920612CAB39B}.Release|x86.Build.0 = Release|Any CPU
		{3957C6A3-F787-4D91-964B-679EE7A950E1}.Debug|Any CPU.ActiveCfg = Debug|Any CPU
		{3957C6A3-F787-4D91-964B-679EE7A950E1}.Debug|Any CPU.Build.0 = Debug|Any CPU
		{3957C6A3-F787-4D91-964B-679EE7A950E1}.Debug|x64.ActiveCfg = Debug|Any CPU
		{3957C6A3-F787-4D91-964B-679EE7A950E1}.Debug|x64.Build.0 = Debug|Any CPU
		{3957C6A3-F787-4D91-964B-679EE7A950E1}.Debug|x86.ActiveCfg = Debug|Any CPU
		{3957C6A3-F787-4D91-964B-679EE7A950E1}.Debug|x86.Build.0 = Debug|Any CPU
		{3957C6A3-F787-4D91-964B-679EE7A950E1}.Release|Any CPU.ActiveCfg = Release|Any CPU
		{3957C6A3-F787-4D91-964B-679EE7A950E1}.Release|Any CPU.Build.0 = Release|Any CPU
		{3957C6A3-F787-4D91-964B-679EE7A950E1}.Release|x64.ActiveCfg = Release|Any CPU
		{3957C6A3-F787-4D91-964B-679EE7A950E1}.Release|x64.Build.0 = Release|Any CPU
		{3957C6A3-F787-4D91-964B-679EE7A950E1}.Release|x86.ActiveCfg = Release|Any CPU
		{3957C6A3-F787-4D91-964B-679EE7A950E1}.Release|x86.Build.0 = Release|Any CPU
		{F3F88950-CFCD-48BD-84D6-1A6078EA67E3}.Debug|Any CPU.ActiveCfg = Debug|Any CPU
		{F3F88950-CFCD-48BD-84D6-1A6078EA67E3}.Debug|Any CPU.Build.0 = Debug|Any CPU
		{F3F88950-CFCD-48BD-84D6-1A6078EA67E3}.Debug|x64.ActiveCfg = Debug|Any CPU
		{F3F88950-CFCD-48BD-84D6-1A6078EA67E3}.Debug|x64.Build.0 = Debug|Any CPU
		{F3F88950-CFCD-48BD-84D6-1A6078EA67E3}.Debug|x86.ActiveCfg = Debug|Any CPU
		{F3F88950-CFCD-48BD-84D6-1A6078EA67E3}.Debug|x86.Build.0 = Debug|Any CPU
		{F3F88950-CFCD-48BD-84D6-1A6078EA67E3}.Release|Any CPU.ActiveCfg = Release|Any CPU
		{F3F88950-CFCD-48BD-84D6-1A6078EA67E3}.Release|Any CPU.Build.0 = Release|Any CPU
		{F3F88950-CFCD-48BD-84D6-1A6078EA67E3}.Release|x64.ActiveCfg = Release|Any CPU
		{F3F88950-CFCD-48BD-84D6-1A6078EA67E3}.Release|x64.Build.0 = Release|Any CPU
		{F3F88950-CFCD-48BD-84D6-1A6078EA67E3}.Release|x86.ActiveCfg = Release|Any CPU
		{F3F88950-CFCD-48BD-84D6-1A6078EA67E3}.Release|x86.Build.0 = Release|Any CPU
		{B9905106-1F9E-4A8C-B726-43BB07198385}.Debug|Any CPU.ActiveCfg = Debug|Any CPU
		{B9905106-1F9E-4A8C-B726-43BB07198385}.Debug|Any CPU.Build.0 = Debug|Any CPU
		{B9905106-1F9E-4A8C-B726-43BB07198385}.Debug|x64.ActiveCfg = Debug|Any CPU
		{B9905106-1F9E-4A8C-B726-43BB07198385}.Debug|x64.Build.0 = Debug|Any CPU
		{B9905106-1F9E-4A8C-B726-43BB07198385}.Debug|x86.ActiveCfg = Debug|Any CPU
		{B9905106-1F9E-4A8C-B726-43BB07198385}.Debug|x86.Build.0 = Debug|Any CPU
		{B9905106-1F9E-4A8C-B726-43BB07198385}.Release|Any CPU.ActiveCfg = Release|Any CPU
		{B9905106-1F9E-4A8C-B726-43BB07198385}.Release|Any CPU.Build.0 = Release|Any CPU
		{B9905106-1F9E-4A8C-B726-43BB07198385}.Release|x64.ActiveCfg = Release|Any CPU
		{B9905106-1F9E-4A8C-B726-43BB07198385}.Release|x64.Build.0 = Release|Any CPU
		{B9905106-1F9E-4A8C-B726-43BB07198385}.Release|x86.ActiveCfg = Release|Any CPU
		{B9905106-1F9E-4A8C-B726-43BB07198385}.Release|x86.Build.0 = Release|Any CPU
		{6C118729-5217-4995-A0CA-2765A438D2F5}.Debug|Any CPU.ActiveCfg = Debug|Any CPU
		{6C118729-5217-4995-A0CA-2765A438D2F5}.Debug|Any CPU.Build.0 = Debug|Any CPU
		{6C118729-5217-4995-A0CA-2765A438D2F5}.Debug|x64.ActiveCfg = Debug|Any CPU
		{6C118729-5217-4995-A0CA-2765A438D2F5}.Debug|x64.Build.0 = Debug|Any CPU
		{6C118729-5217-4995-A0CA-2765A438D2F5}.Debug|x86.ActiveCfg = Debug|Any CPU
		{6C118729-5217-4995-A0CA-2765A438D2F5}.Debug|x86.Build.0 = Debug|Any CPU
		{6C118729-5217-4995-A0CA-2765A438D2F5}.Release|Any CPU.ActiveCfg = Release|Any CPU
		{6C118729-5217-4995-A0CA-2765A438D2F5}.Release|Any CPU.Build.0 = Release|Any CPU
		{6C118729-5217-4995-A0CA-2765A438D2F5}.Release|x64.ActiveCfg = Release|Any CPU
		{6C118729-5217-4995-A0CA-2765A438D2F5}.Release|x64.Build.0 = Release|Any CPU
		{6C118729-5217-4995-A0CA-2765A438D2F5}.Release|x86.ActiveCfg = Release|Any CPU
		{6C118729-5217-4995-A0CA-2765A438D2F5}.Release|x86.Build.0 = Release|Any CPU
		{2242F179-DE6E-44A7-AF35-51ED063E694C}.Debug|Any CPU.ActiveCfg = Debug|Any CPU
		{2242F179-DE6E-44A7-AF35-51ED063E694C}.Debug|Any CPU.Build.0 = Debug|Any CPU
		{2242F179-DE6E-44A7-AF35-51ED063E694C}.Debug|x64.ActiveCfg = Debug|Any CPU
		{2242F179-DE6E-44A7-AF35-51ED063E694C}.Debug|x64.Build.0 = Debug|Any CPU
		{2242F179-DE6E-44A7-AF35-51ED063E694C}.Debug|x86.ActiveCfg = Debug|Any CPU
		{2242F179-DE6E-44A7-AF35-51ED063E694C}.Debug|x86.Build.0 = Debug|Any CPU
		{2242F179-DE6E-44A7-AF35-51ED063E694C}.Release|Any CPU.ActiveCfg = Release|Any CPU
		{2242F179-DE6E-44A7-AF35-51ED063E694C}.Release|Any CPU.Build.0 = Release|Any CPU
		{2242F179-DE6E-44A7-AF35-51ED063E694C}.Release|x64.ActiveCfg = Release|Any CPU
		{2242F179-DE6E-44A7-AF35-51ED063E694C}.Release|x64.Build.0 = Release|Any CPU
		{2242F179-DE6E-44A7-AF35-51ED063E694C}.Release|x86.ActiveCfg = Release|Any CPU
		{2242F179-DE6E-44A7-AF35-51ED063E694C}.Release|x86.Build.0 = Release|Any CPU
		{BBC6086D-5907-4F6A-B52F-148826918F15}.Debug|Any CPU.ActiveCfg = Debug|Any CPU
		{BBC6086D-5907-4F6A-B52F-148826918F15}.Debug|Any CPU.Build.0 = Debug|Any CPU
		{BBC6086D-5907-4F6A-B52F-148826918F15}.Debug|x64.ActiveCfg = Debug|Any CPU
		{BBC6086D-5907-4F6A-B52F-148826918F15}.Debug|x64.Build.0 = Debug|Any CPU
		{BBC6086D-5907-4F6A-B52F-148826918F15}.Debug|x86.ActiveCfg = Debug|Any CPU
		{BBC6086D-5907-4F6A-B52F-148826918F15}.Debug|x86.Build.0 = Debug|Any CPU
		{BBC6086D-5907-4F6A-B52F-148826918F15}.Release|Any CPU.ActiveCfg = Release|Any CPU
		{BBC6086D-5907-4F6A-B52F-148826918F15}.Release|Any CPU.Build.0 = Release|Any CPU
		{BBC6086D-5907-4F6A-B52F-148826918F15}.Release|x64.ActiveCfg = Release|Any CPU
		{BBC6086D-5907-4F6A-B52F-148826918F15}.Release|x64.Build.0 = Release|Any CPU
		{BBC6086D-5907-4F6A-B52F-148826918F15}.Release|x86.ActiveCfg = Release|Any CPU
		{BBC6086D-5907-4F6A-B52F-148826918F15}.Release|x86.Build.0 = Release|Any CPU
		{B42B58E8-18F6-4DF7-9387-B12B45B0B9C2}.Debug|Any CPU.ActiveCfg = Debug|Any CPU
		{B42B58E8-18F6-4DF7-9387-B12B45B0B9C2}.Debug|Any CPU.Build.0 = Debug|Any CPU
		{B42B58E8-18F6-4DF7-9387-B12B45B0B9C2}.Debug|x64.ActiveCfg = Debug|Any CPU
		{B42B58E8-18F6-4DF7-9387-B12B45B0B9C2}.Debug|x64.Build.0 = Debug|Any CPU
		{B42B58E8-18F6-4DF7-9387-B12B45B0B9C2}.Debug|x86.ActiveCfg = Debug|Any CPU
		{B42B58E8-18F6-4DF7-9387-B12B45B0B9C2}.Debug|x86.Build.0 = Debug|Any CPU
		{B42B58E8-18F6-4DF7-9387-B12B45B0B9C2}.Release|Any CPU.ActiveCfg = Release|Any CPU
		{B42B58E8-18F6-4DF7-9387-B12B45B0B9C2}.Release|Any CPU.Build.0 = Release|Any CPU
		{B42B58E8-18F6-4DF7-9387-B12B45B0B9C2}.Release|x64.ActiveCfg = Release|Any CPU
		{B42B58E8-18F6-4DF7-9387-B12B45B0B9C2}.Release|x64.Build.0 = Release|Any CPU
		{B42B58E8-18F6-4DF7-9387-B12B45B0B9C2}.Release|x86.ActiveCfg = Release|Any CPU
		{B42B58E8-18F6-4DF7-9387-B12B45B0B9C2}.Release|x86.Build.0 = Release|Any CPU
		{63731B7D-3073-4656-9482-39B0DFC47C9D}.Debug|Any CPU.ActiveCfg = Debug|Any CPU
		{63731B7D-3073-4656-9482-39B0DFC47C9D}.Debug|Any CPU.Build.0 = Debug|Any CPU
		{63731B7D-3073-4656-9482-39B0DFC47C9D}.Debug|x64.ActiveCfg = Debug|Any CPU
		{63731B7D-3073-4656-9482-39B0DFC47C9D}.Debug|x64.Build.0 = Debug|Any CPU
		{63731B7D-3073-4656-9482-39B0DFC47C9D}.Debug|x86.ActiveCfg = Debug|Any CPU
		{63731B7D-3073-4656-9482-39B0DFC47C9D}.Debug|x86.Build.0 = Debug|Any CPU
		{63731B7D-3073-4656-9482-39B0DFC47C9D}.Release|Any CPU.ActiveCfg = Release|Any CPU
		{63731B7D-3073-4656-9482-39B0DFC47C9D}.Release|Any CPU.Build.0 = Release|Any CPU
		{63731B7D-3073-4656-9482-39B0DFC47C9D}.Release|x64.ActiveCfg = Release|Any CPU
		{63731B7D-3073-4656-9482-39B0DFC47C9D}.Release|x64.Build.0 = Release|Any CPU
		{63731B7D-3073-4656-9482-39B0DFC47C9D}.Release|x86.ActiveCfg = Release|Any CPU
		{63731B7D-3073-4656-9482-39B0DFC47C9D}.Release|x86.Build.0 = Release|Any CPU
		{36D34105-251C-4807-A7CF-841EAAF3CFCD}.Debug|Any CPU.ActiveCfg = Debug|Any CPU
		{36D34105-251C-4807-A7CF-841EAAF3CFCD}.Debug|Any CPU.Build.0 = Debug|Any CPU
		{36D34105-251C-4807-A7CF-841EAAF3CFCD}.Debug|x64.ActiveCfg = Debug|Any CPU
		{36D34105-251C-4807-A7CF-841EAAF3CFCD}.Debug|x64.Build.0 = Debug|Any CPU
		{36D34105-251C-4807-A7CF-841EAAF3CFCD}.Debug|x86.ActiveCfg = Debug|Any CPU
		{36D34105-251C-4807-A7CF-841EAAF3CFCD}.Debug|x86.Build.0 = Debug|Any CPU
		{36D34105-251C-4807-A7CF-841EAAF3CFCD}.Release|Any CPU.ActiveCfg = Release|Any CPU
		{36D34105-251C-4807-A7CF-841EAAF3CFCD}.Release|Any CPU.Build.0 = Release|Any CPU
		{36D34105-251C-4807-A7CF-841EAAF3CFCD}.Release|x64.ActiveCfg = Release|Any CPU
		{36D34105-251C-4807-A7CF-841EAAF3CFCD}.Release|x64.Build.0 = Release|Any CPU
		{36D34105-251C-4807-A7CF-841EAAF3CFCD}.Release|x86.ActiveCfg = Release|Any CPU
		{36D34105-251C-4807-A7CF-841EAAF3CFCD}.Release|x86.Build.0 = Release|Any CPU
		{F6B4FBCE-731B-41EE-AFE8-492F8B6B6702}.Debug|Any CPU.ActiveCfg = Debug|Any CPU
		{F6B4FBCE-731B-41EE-AFE8-492F8B6B6702}.Debug|Any CPU.Build.0 = Debug|Any CPU
		{F6B4FBCE-731B-41EE-AFE8-492F8B6B6702}.Debug|x64.ActiveCfg = Debug|Any CPU
		{F6B4FBCE-731B-41EE-AFE8-492F8B6B6702}.Debug|x64.Build.0 = Debug|Any CPU
		{F6B4FBCE-731B-41EE-AFE8-492F8B6B6702}.Debug|x86.ActiveCfg = Debug|Any CPU
		{F6B4FBCE-731B-41EE-AFE8-492F8B6B6702}.Debug|x86.Build.0 = Debug|Any CPU
		{F6B4FBCE-731B-41EE-AFE8-492F8B6B6702}.Release|Any CPU.ActiveCfg = Release|Any CPU
		{F6B4FBCE-731B-41EE-AFE8-492F8B6B6702}.Release|Any CPU.Build.0 = Release|Any CPU
		{F6B4FBCE-731B-41EE-AFE8-492F8B6B6702}.Release|x64.ActiveCfg = Release|Any CPU
		{F6B4FBCE-731B-41EE-AFE8-492F8B6B6702}.Release|x64.Build.0 = Release|Any CPU
		{F6B4FBCE-731B-41EE-AFE8-492F8B6B6702}.Release|x86.ActiveCfg = Release|Any CPU
		{F6B4FBCE-731B-41EE-AFE8-492F8B6B6702}.Release|x86.Build.0 = Release|Any CPU
		{ECFADD4F-8AB0-499A-A3EA-1D587E816111}.Debug|Any CPU.ActiveCfg = Debug|Any CPU
		{ECFADD4F-8AB0-499A-A3EA-1D587E816111}.Debug|Any CPU.Build.0 = Debug|Any CPU
		{ECFADD4F-8AB0-499A-A3EA-1D587E816111}.Debug|x64.ActiveCfg = Debug|Any CPU
		{ECFADD4F-8AB0-499A-A3EA-1D587E816111}.Debug|x64.Build.0 = Debug|Any CPU
		{ECFADD4F-8AB0-499A-A3EA-1D587E816111}.Debug|x86.ActiveCfg = Debug|Any CPU
		{ECFADD4F-8AB0-499A-A3EA-1D587E816111}.Debug|x86.Build.0 = Debug|Any CPU
		{ECFADD4F-8AB0-499A-A3EA-1D587E816111}.Release|Any CPU.ActiveCfg = Release|Any CPU
		{ECFADD4F-8AB0-499A-A3EA-1D587E816111}.Release|Any CPU.Build.0 = Release|Any CPU
		{ECFADD4F-8AB0-499A-A3EA-1D587E816111}.Release|x64.ActiveCfg = Release|Any CPU
		{ECFADD4F-8AB0-499A-A3EA-1D587E816111}.Release|x64.Build.0 = Release|Any CPU
		{ECFADD4F-8AB0-499A-A3EA-1D587E816111}.Release|x86.ActiveCfg = Release|Any CPU
		{ECFADD4F-8AB0-499A-A3EA-1D587E816111}.Release|x86.Build.0 = Release|Any CPU
		{C380A71C-DF30-4512-9614-E291F16C3EAC}.Debug|Any CPU.ActiveCfg = Debug|Any CPU
		{C380A71C-DF30-4512-9614-E291F16C3EAC}.Debug|Any CPU.Build.0 = Debug|Any CPU
		{C380A71C-DF30-4512-9614-E291F16C3EAC}.Debug|x64.ActiveCfg = Debug|Any CPU
		{C380A71C-DF30-4512-9614-E291F16C3EAC}.Debug|x64.Build.0 = Debug|Any CPU
		{C380A71C-DF30-4512-9614-E291F16C3EAC}.Debug|x86.ActiveCfg = Debug|Any CPU
		{C380A71C-DF30-4512-9614-E291F16C3EAC}.Debug|x86.Build.0 = Debug|Any CPU
		{C380A71C-DF30-4512-9614-E291F16C3EAC}.Release|Any CPU.ActiveCfg = Release|Any CPU
		{C380A71C-DF30-4512-9614-E291F16C3EAC}.Release|Any CPU.Build.0 = Release|Any CPU
		{C380A71C-DF30-4512-9614-E291F16C3EAC}.Release|x64.ActiveCfg = Release|Any CPU
		{C380A71C-DF30-4512-9614-E291F16C3EAC}.Release|x64.Build.0 = Release|Any CPU
		{C380A71C-DF30-4512-9614-E291F16C3EAC}.Release|x86.ActiveCfg = Release|Any CPU
		{C380A71C-DF30-4512-9614-E291F16C3EAC}.Release|x86.Build.0 = Release|Any CPU
		{9CDFE10C-0B80-45BA-9AC9-5F641100C902}.Debug|Any CPU.ActiveCfg = Debug|Any CPU
		{9CDFE10C-0B80-45BA-9AC9-5F641100C902}.Debug|Any CPU.Build.0 = Debug|Any CPU
		{9CDFE10C-0B80-45BA-9AC9-5F641100C902}.Debug|x64.ActiveCfg = Debug|Any CPU
		{9CDFE10C-0B80-45BA-9AC9-5F641100C902}.Debug|x64.Build.0 = Debug|Any CPU
		{9CDFE10C-0B80-45BA-9AC9-5F641100C902}.Debug|x86.ActiveCfg = Debug|Any CPU
		{9CDFE10C-0B80-45BA-9AC9-5F641100C902}.Debug|x86.Build.0 = Debug|Any CPU
		{9CDFE10C-0B80-45BA-9AC9-5F641100C902}.Release|Any CPU.ActiveCfg = Release|Any CPU
		{9CDFE10C-0B80-45BA-9AC9-5F641100C902}.Release|Any CPU.Build.0 = Release|Any CPU
		{9CDFE10C-0B80-45BA-9AC9-5F641100C902}.Release|x64.ActiveCfg = Release|Any CPU
		{9CDFE10C-0B80-45BA-9AC9-5F641100C902}.Release|x64.Build.0 = Release|Any CPU
		{9CDFE10C-0B80-45BA-9AC9-5F641100C902}.Release|x86.ActiveCfg = Release|Any CPU
		{9CDFE10C-0B80-45BA-9AC9-5F641100C902}.Release|x86.Build.0 = Release|Any CPU
		{61742242-248E-4D46-BA73-0009200FC5F0}.Debug|Any CPU.ActiveCfg = Debug|Any CPU
		{61742242-248E-4D46-BA73-0009200FC5F0}.Debug|Any CPU.Build.0 = Debug|Any CPU
		{61742242-248E-4D46-BA73-0009200FC5F0}.Debug|x64.ActiveCfg = Debug|Any CPU
		{61742242-248E-4D46-BA73-0009200FC5F0}.Debug|x64.Build.0 = Debug|Any CPU
		{61742242-248E-4D46-BA73-0009200FC5F0}.Debug|x86.ActiveCfg = Debug|Any CPU
		{61742242-248E-4D46-BA73-0009200FC5F0}.Debug|x86.Build.0 = Debug|Any CPU
		{61742242-248E-4D46-BA73-0009200FC5F0}.Release|Any CPU.ActiveCfg = Release|Any CPU
		{61742242-248E-4D46-BA73-0009200FC5F0}.Release|Any CPU.Build.0 = Release|Any CPU
		{61742242-248E-4D46-BA73-0009200FC5F0}.Release|x64.ActiveCfg = Release|Any CPU
		{61742242-248E-4D46-BA73-0009200FC5F0}.Release|x64.Build.0 = Release|Any CPU
		{61742242-248E-4D46-BA73-0009200FC5F0}.Release|x86.ActiveCfg = Release|Any CPU
		{61742242-248E-4D46-BA73-0009200FC5F0}.Release|x86.Build.0 = Release|Any CPU
		{7908BA3F-5256-4CE6-9E8A-1AB606D493E5}.Debug|Any CPU.ActiveCfg = Debug|Any CPU
		{7908BA3F-5256-4CE6-9E8A-1AB606D493E5}.Debug|Any CPU.Build.0 = Debug|Any CPU
		{7908BA3F-5256-4CE6-9E8A-1AB606D493E5}.Debug|x64.ActiveCfg = Debug|Any CPU
		{7908BA3F-5256-4CE6-9E8A-1AB606D493E5}.Debug|x64.Build.0 = Debug|Any CPU
		{7908BA3F-5256-4CE6-9E8A-1AB606D493E5}.Debug|x86.ActiveCfg = Debug|Any CPU
		{7908BA3F-5256-4CE6-9E8A-1AB606D493E5}.Debug|x86.Build.0 = Debug|Any CPU
		{7908BA3F-5256-4CE6-9E8A-1AB606D493E5}.Release|Any CPU.ActiveCfg = Release|Any CPU
		{7908BA3F-5256-4CE6-9E8A-1AB606D493E5}.Release|Any CPU.Build.0 = Release|Any CPU
		{7908BA3F-5256-4CE6-9E8A-1AB606D493E5}.Release|x64.ActiveCfg = Release|Any CPU
		{7908BA3F-5256-4CE6-9E8A-1AB606D493E5}.Release|x64.Build.0 = Release|Any CPU
		{7908BA3F-5256-4CE6-9E8A-1AB606D493E5}.Release|x86.ActiveCfg = Release|Any CPU
		{7908BA3F-5256-4CE6-9E8A-1AB606D493E5}.Release|x86.Build.0 = Release|Any CPU
		{10F15CF7-645D-43E8-B5DE-D30C61572EA6}.Debug|Any CPU.ActiveCfg = Debug|Any CPU
		{10F15CF7-645D-43E8-B5DE-D30C61572EA6}.Debug|Any CPU.Build.0 = Debug|Any CPU
		{10F15CF7-645D-43E8-B5DE-D30C61572EA6}.Debug|x64.ActiveCfg = Debug|Any CPU
		{10F15CF7-645D-43E8-B5DE-D30C61572EA6}.Debug|x64.Build.0 = Debug|Any CPU
		{10F15CF7-645D-43E8-B5DE-D30C61572EA6}.Debug|x86.ActiveCfg = Debug|Any CPU
		{10F15CF7-645D-43E8-B5DE-D30C61572EA6}.Debug|x86.Build.0 = Debug|Any CPU
		{10F15CF7-645D-43E8-B5DE-D30C61572EA6}.Release|Any CPU.ActiveCfg = Release|Any CPU
		{10F15CF7-645D-43E8-B5DE-D30C61572EA6}.Release|Any CPU.Build.0 = Release|Any CPU
		{10F15CF7-645D-43E8-B5DE-D30C61572EA6}.Release|x64.ActiveCfg = Release|Any CPU
		{10F15CF7-645D-43E8-B5DE-D30C61572EA6}.Release|x64.Build.0 = Release|Any CPU
		{10F15CF7-645D-43E8-B5DE-D30C61572EA6}.Release|x86.ActiveCfg = Release|Any CPU
		{10F15CF7-645D-43E8-B5DE-D30C61572EA6}.Release|x86.Build.0 = Release|Any CPU
		{C2D4376E-5D7B-4F03-BC14-836D92452A95}.Debug|Any CPU.ActiveCfg = Debug|Any CPU
		{C2D4376E-5D7B-4F03-BC14-836D92452A95}.Debug|Any CPU.Build.0 = Debug|Any CPU
		{C2D4376E-5D7B-4F03-BC14-836D92452A95}.Debug|x64.ActiveCfg = Debug|Any CPU
		{C2D4376E-5D7B-4F03-BC14-836D92452A95}.Debug|x64.Build.0 = Debug|Any CPU
		{C2D4376E-5D7B-4F03-BC14-836D92452A95}.Debug|x86.ActiveCfg = Debug|Any CPU
		{C2D4376E-5D7B-4F03-BC14-836D92452A95}.Debug|x86.Build.0 = Debug|Any CPU
		{C2D4376E-5D7B-4F03-BC14-836D92452A95}.Release|Any CPU.ActiveCfg = Release|Any CPU
		{C2D4376E-5D7B-4F03-BC14-836D92452A95}.Release|Any CPU.Build.0 = Release|Any CPU
		{C2D4376E-5D7B-4F03-BC14-836D92452A95}.Release|x64.ActiveCfg = Release|Any CPU
		{C2D4376E-5D7B-4F03-BC14-836D92452A95}.Release|x64.Build.0 = Release|Any CPU
		{C2D4376E-5D7B-4F03-BC14-836D92452A95}.Release|x86.ActiveCfg = Release|Any CPU
		{C2D4376E-5D7B-4F03-BC14-836D92452A95}.Release|x86.Build.0 = Release|Any CPU
		{9D73AF40-829C-4BDF-91C0-5226705957C8}.Debug|Any CPU.ActiveCfg = Debug|Any CPU
		{9D73AF40-829C-4BDF-91C0-5226705957C8}.Debug|Any CPU.Build.0 = Debug|Any CPU
		{9D73AF40-829C-4BDF-91C0-5226705957C8}.Debug|x64.ActiveCfg = Debug|Any CPU
		{9D73AF40-829C-4BDF-91C0-5226705957C8}.Debug|x64.Build.0 = Debug|Any CPU
		{9D73AF40-829C-4BDF-91C0-5226705957C8}.Debug|x86.ActiveCfg = Debug|Any CPU
		{9D73AF40-829C-4BDF-91C0-5226705957C8}.Debug|x86.Build.0 = Debug|Any CPU
		{9D73AF40-829C-4BDF-91C0-5226705957C8}.Release|Any CPU.ActiveCfg = Release|Any CPU
		{9D73AF40-829C-4BDF-91C0-5226705957C8}.Release|Any CPU.Build.0 = Release|Any CPU
		{9D73AF40-829C-4BDF-91C0-5226705957C8}.Release|x64.ActiveCfg = Release|Any CPU
		{9D73AF40-829C-4BDF-91C0-5226705957C8}.Release|x64.Build.0 = Release|Any CPU
		{9D73AF40-829C-4BDF-91C0-5226705957C8}.Release|x86.ActiveCfg = Release|Any CPU
		{9D73AF40-829C-4BDF-91C0-5226705957C8}.Release|x86.Build.0 = Release|Any CPU
		{7A13B763-2F58-48F6-A0A0-10294B9CB6A2}.Debug|Any CPU.ActiveCfg = Debug|Any CPU
		{7A13B763-2F58-48F6-A0A0-10294B9CB6A2}.Debug|Any CPU.Build.0 = Debug|Any CPU
		{7A13B763-2F58-48F6-A0A0-10294B9CB6A2}.Debug|x64.ActiveCfg = Debug|Any CPU
		{7A13B763-2F58-48F6-A0A0-10294B9CB6A2}.Debug|x64.Build.0 = Debug|Any CPU
		{7A13B763-2F58-48F6-A0A0-10294B9CB6A2}.Debug|x86.ActiveCfg = Debug|Any CPU
		{7A13B763-2F58-48F6-A0A0-10294B9CB6A2}.Debug|x86.Build.0 = Debug|Any CPU
		{7A13B763-2F58-48F6-A0A0-10294B9CB6A2}.Release|Any CPU.ActiveCfg = Release|Any CPU
		{7A13B763-2F58-48F6-A0A0-10294B9CB6A2}.Release|Any CPU.Build.0 = Release|Any CPU
		{7A13B763-2F58-48F6-A0A0-10294B9CB6A2}.Release|x64.ActiveCfg = Release|Any CPU
		{7A13B763-2F58-48F6-A0A0-10294B9CB6A2}.Release|x64.Build.0 = Release|Any CPU
		{7A13B763-2F58-48F6-A0A0-10294B9CB6A2}.Release|x86.ActiveCfg = Release|Any CPU
		{7A13B763-2F58-48F6-A0A0-10294B9CB6A2}.Release|x86.Build.0 = Release|Any CPU
		{DF8DCDDE-BD36-4A4A-86D4-572F1C94052F}.Debug|Any CPU.ActiveCfg = Debug|Any CPU
		{DF8DCDDE-BD36-4A4A-86D4-572F1C94052F}.Debug|Any CPU.Build.0 = Debug|Any CPU
		{DF8DCDDE-BD36-4A4A-86D4-572F1C94052F}.Debug|x64.ActiveCfg = Debug|Any CPU
		{DF8DCDDE-BD36-4A4A-86D4-572F1C94052F}.Debug|x64.Build.0 = Debug|Any CPU
		{DF8DCDDE-BD36-4A4A-86D4-572F1C94052F}.Debug|x86.ActiveCfg = Debug|Any CPU
		{DF8DCDDE-BD36-4A4A-86D4-572F1C94052F}.Debug|x86.Build.0 = Debug|Any CPU
		{DF8DCDDE-BD36-4A4A-86D4-572F1C94052F}.Release|Any CPU.ActiveCfg = Release|Any CPU
		{DF8DCDDE-BD36-4A4A-86D4-572F1C94052F}.Release|Any CPU.Build.0 = Release|Any CPU
		{DF8DCDDE-BD36-4A4A-86D4-572F1C94052F}.Release|x64.ActiveCfg = Release|Any CPU
		{DF8DCDDE-BD36-4A4A-86D4-572F1C94052F}.Release|x64.Build.0 = Release|Any CPU
		{DF8DCDDE-BD36-4A4A-86D4-572F1C94052F}.Release|x86.ActiveCfg = Release|Any CPU
		{DF8DCDDE-BD36-4A4A-86D4-572F1C94052F}.Release|x86.Build.0 = Release|Any CPU
		{8265FBBA-F0C3-4260-AA0D-61FAE0335862}.Debug|Any CPU.ActiveCfg = Debug|Any CPU
		{8265FBBA-F0C3-4260-AA0D-61FAE0335862}.Debug|Any CPU.Build.0 = Debug|Any CPU
		{8265FBBA-F0C3-4260-AA0D-61FAE0335862}.Debug|x64.ActiveCfg = Debug|Any CPU
		{8265FBBA-F0C3-4260-AA0D-61FAE0335862}.Debug|x64.Build.0 = Debug|Any CPU
		{8265FBBA-F0C3-4260-AA0D-61FAE0335862}.Debug|x86.ActiveCfg = Debug|Any CPU
		{8265FBBA-F0C3-4260-AA0D-61FAE0335862}.Debug|x86.Build.0 = Debug|Any CPU
		{8265FBBA-F0C3-4260-AA0D-61FAE0335862}.Release|Any CPU.ActiveCfg = Release|Any CPU
		{8265FBBA-F0C3-4260-AA0D-61FAE0335862}.Release|Any CPU.Build.0 = Release|Any CPU
		{8265FBBA-F0C3-4260-AA0D-61FAE0335862}.Release|x64.ActiveCfg = Release|Any CPU
		{8265FBBA-F0C3-4260-AA0D-61FAE0335862}.Release|x64.Build.0 = Release|Any CPU
		{8265FBBA-F0C3-4260-AA0D-61FAE0335862}.Release|x86.ActiveCfg = Release|Any CPU
		{8265FBBA-F0C3-4260-AA0D-61FAE0335862}.Release|x86.Build.0 = Release|Any CPU
		{DFA02D61-B067-4EA7-A65F-574AA9361BFD}.Debug|Any CPU.ActiveCfg = Debug|Any CPU
		{DFA02D61-B067-4EA7-A65F-574AA9361BFD}.Debug|Any CPU.Build.0 = Debug|Any CPU
		{DFA02D61-B067-4EA7-A65F-574AA9361BFD}.Debug|x64.ActiveCfg = Debug|Any CPU
		{DFA02D61-B067-4EA7-A65F-574AA9361BFD}.Debug|x64.Build.0 = Debug|Any CPU
		{DFA02D61-B067-4EA7-A65F-574AA9361BFD}.Debug|x86.ActiveCfg = Debug|Any CPU
		{DFA02D61-B067-4EA7-A65F-574AA9361BFD}.Debug|x86.Build.0 = Debug|Any CPU
		{DFA02D61-B067-4EA7-A65F-574AA9361BFD}.Release|Any CPU.ActiveCfg = Release|Any CPU
		{DFA02D61-B067-4EA7-A65F-574AA9361BFD}.Release|Any CPU.Build.0 = Release|Any CPU
		{DFA02D61-B067-4EA7-A65F-574AA9361BFD}.Release|x64.ActiveCfg = Release|Any CPU
		{DFA02D61-B067-4EA7-A65F-574AA9361BFD}.Release|x64.Build.0 = Release|Any CPU
		{DFA02D61-B067-4EA7-A65F-574AA9361BFD}.Release|x86.ActiveCfg = Release|Any CPU
		{DFA02D61-B067-4EA7-A65F-574AA9361BFD}.Release|x86.Build.0 = Release|Any CPU
		{42789F8C-28E9-4FD1-8D3C-453636602BDA}.Debug|Any CPU.ActiveCfg = Debug|Any CPU
		{42789F8C-28E9-4FD1-8D3C-453636602BDA}.Debug|Any CPU.Build.0 = Debug|Any CPU
		{42789F8C-28E9-4FD1-8D3C-453636602BDA}.Debug|x64.ActiveCfg = Debug|Any CPU
		{42789F8C-28E9-4FD1-8D3C-453636602BDA}.Debug|x64.Build.0 = Debug|Any CPU
		{42789F8C-28E9-4FD1-8D3C-453636602BDA}.Debug|x86.ActiveCfg = Debug|Any CPU
		{42789F8C-28E9-4FD1-8D3C-453636602BDA}.Debug|x86.Build.0 = Debug|Any CPU
		{42789F8C-28E9-4FD1-8D3C-453636602BDA}.Release|Any CPU.ActiveCfg = Release|Any CPU
		{42789F8C-28E9-4FD1-8D3C-453636602BDA}.Release|Any CPU.Build.0 = Release|Any CPU
		{42789F8C-28E9-4FD1-8D3C-453636602BDA}.Release|x64.ActiveCfg = Release|Any CPU
		{42789F8C-28E9-4FD1-8D3C-453636602BDA}.Release|x64.Build.0 = Release|Any CPU
		{42789F8C-28E9-4FD1-8D3C-453636602BDA}.Release|x86.ActiveCfg = Release|Any CPU
		{42789F8C-28E9-4FD1-8D3C-453636602BDA}.Release|x86.Build.0 = Release|Any CPU
		{03E2DFC5-DD89-4A6D-AABE-151ABEFA43E2}.Debug|Any CPU.ActiveCfg = Debug|Any CPU
		{03E2DFC5-DD89-4A6D-AABE-151ABEFA43E2}.Debug|Any CPU.Build.0 = Debug|Any CPU
		{03E2DFC5-DD89-4A6D-AABE-151ABEFA43E2}.Debug|x64.ActiveCfg = Debug|Any CPU
		{03E2DFC5-DD89-4A6D-AABE-151ABEFA43E2}.Debug|x64.Build.0 = Debug|Any CPU
		{03E2DFC5-DD89-4A6D-AABE-151ABEFA43E2}.Debug|x86.ActiveCfg = Debug|Any CPU
		{03E2DFC5-DD89-4A6D-AABE-151ABEFA43E2}.Debug|x86.Build.0 = Debug|Any CPU
		{03E2DFC5-DD89-4A6D-AABE-151ABEFA43E2}.Release|Any CPU.ActiveCfg = Release|Any CPU
		{03E2DFC5-DD89-4A6D-AABE-151ABEFA43E2}.Release|Any CPU.Build.0 = Release|Any CPU
		{03E2DFC5-DD89-4A6D-AABE-151ABEFA43E2}.Release|x64.ActiveCfg = Release|Any CPU
		{03E2DFC5-DD89-4A6D-AABE-151ABEFA43E2}.Release|x64.Build.0 = Release|Any CPU
		{03E2DFC5-DD89-4A6D-AABE-151ABEFA43E2}.Release|x86.ActiveCfg = Release|Any CPU
		{03E2DFC5-DD89-4A6D-AABE-151ABEFA43E2}.Release|x86.Build.0 = Release|Any CPU
	EndGlobalSection
	GlobalSection(NestedProjects) = preSolution
		{3957C6A3-F787-4D91-964B-679EE7A950E1} = {B3CB4ED8-359D-4EB8-A6FB-1052494B00D6}
		{F3F88950-CFCD-48BD-84D6-1A6078EA67E3} = {B3CB4ED8-359D-4EB8-A6FB-1052494B00D6}
		{B9905106-1F9E-4A8C-B726-43BB07198385} = {B3CB4ED8-359D-4EB8-A6FB-1052494B00D6}
		{6C118729-5217-4995-A0CA-2765A438D2F5} = {B3CB4ED8-359D-4EB8-A6FB-1052494B00D6}
		{2242F179-DE6E-44A7-AF35-51ED063E694C} = {B3CB4ED8-359D-4EB8-A6FB-1052494B00D6}
		{BBC6086D-5907-4F6A-B52F-148826918F15} = {B3CB4ED8-359D-4EB8-A6FB-1052494B00D6}
		{B42B58E8-18F6-4DF7-9387-B12B45B0B9C2} = {B3CB4ED8-359D-4EB8-A6FB-1052494B00D6}
		{63731B7D-3073-4656-9482-39B0DFC47C9D} = {B3CB4ED8-359D-4EB8-A6FB-1052494B00D6}
		{36D34105-251C-4807-A7CF-841EAAF3CFCD} = {B3CB4ED8-359D-4EB8-A6FB-1052494B00D6}
		{F6B4FBCE-731B-41EE-AFE8-492F8B6B6702} = {B3CB4ED8-359D-4EB8-A6FB-1052494B00D6}
		{ECFADD4F-8AB0-499A-A3EA-1D587E816111} = {B3CB4ED8-359D-4EB8-A6FB-1052494B00D6}
		{C380A71C-DF30-4512-9614-E291F16C3EAC} = {B3CB4ED8-359D-4EB8-A6FB-1052494B00D6}
		{9CDFE10C-0B80-45BA-9AC9-5F641100C902} = {B3CB4ED8-359D-4EB8-A6FB-1052494B00D6}
		{61742242-248E-4D46-BA73-0009200FC5F0} = {B3CB4ED8-359D-4EB8-A6FB-1052494B00D6}
		{7908BA3F-5256-4CE6-9E8A-1AB606D493E5} = {B3CB4ED8-359D-4EB8-A6FB-1052494B00D6}
		{10F15CF7-645D-43E8-B5DE-D30C61572EA6} = {B3CB4ED8-359D-4EB8-A6FB-1052494B00D6}
		{C2D4376E-5D7B-4F03-BC14-836D92452A95} = {B3CB4ED8-359D-4EB8-A6FB-1052494B00D6}
		{9D73AF40-829C-4BDF-91C0-5226705957C8} = {B3CB4ED8-359D-4EB8-A6FB-1052494B00D6}
		{7A13B763-2F58-48F6-A0A0-10294B9CB6A2} = {B3CB4ED8-359D-4EB8-A6FB-1052494B00D6}
		{DF8DCDDE-BD36-4A4A-86D4-572F1C94052F} = {B3CB4ED8-359D-4EB8-A6FB-1052494B00D6}
		{8265FBBA-F0C3-4260-AA0D-61FAE0335862} = {B3CB4ED8-359D-4EB8-A6FB-1052494B00D6}
		{DFA02D61-B067-4EA7-A65F-574AA9361BFD} = {B3CB4ED8-359D-4EB8-A6FB-1052494B00D6}
		{42789F8C-28E9-4FD1-8D3C-453636602BDA} = {B3CB4ED8-359D-4EB8-A6FB-1052494B00D6}
		{03E2DFC5-DD89-4A6D-AABE-151ABEFA43E2} = {B3CB4ED8-359D-4EB8-A6FB-1052494B00D6}
	EndGlobalSection
EndGlobal
